{
    "_readme": [
        "This file locks the dependencies of your project to a known state",
        "Read more about it at https://getcomposer.org/doc/01-basic-usage.md#installing-dependencies",
        "This file is @generated automatically"
    ],
    "content-hash": "167b85449c30643bd5a8bf84df999d6a",
    "packages": [
        {
            "name": "heidilabs/markov-php",
            "version": "dev-master",
            "source": {
                "type": "git",
                "url": "https://github.com/heidilabs/markov-php.git",
                "reference": "d29546f0a8f2ec831e12001d43eef1e79b950c24"
            },
            "dist": {
                "type": "zip",
                "url": "https://api.github.com/repos/heidilabs/markov-php/zipball/d29546f0a8f2ec831e12001d43eef1e79b950c24",
                "reference": "d29546f0a8f2ec831e12001d43eef1e79b950c24",
                "shasum": ""
            },
            "type": "library",
            "autoload": {
                "psr-0": {
                    "": "src/"
                }
            },
            "notification-url": "https://packagist.org/downloads/",
            "license": [
                "MIT"
            ],
            "authors": [
                {
                    "name": "Erika Heidi",
                    "email": "erika@erikaheidi.com"
                }
            ],
            "description": "A simple markov chain experiment",
            "homepage": "https://github.com/heidilabs/markov-php",
            "keywords": [
                "markov"
            ],
            "time": "2015-08-19T10:28:49+00:00"
        },
        {
            "name": "joshtronic/php-loremipsum",
            "version": "dev-master",
            "source": {
                "type": "git",
                "url": "https://github.com/joshtronic/php-loremipsum.git",
                "reference": "cdb2e05cf4f48822920e5fb85c0983a155109885"
            },
            "dist": {
                "type": "zip",
                "url": "https://api.github.com/repos/joshtronic/php-loremipsum/zipball/cdb2e05cf4f48822920e5fb85c0983a155109885",
                "reference": "cdb2e05cf4f48822920e5fb85c0983a155109885",
                "shasum": ""
            },
            "require": {
                "php": ">=5.3"
            },
            "require-dev": {
                "php-coveralls/php-coveralls": ">=1",
                "phpunit/phpunit": ">=4"
            },
            "type": "library",
            "autoload": {
                "psr-4": {
                    "joshtronic\\": "src/"
                }
            },
            "notification-url": "https://packagist.org/downloads/",
            "license": [
                "MIT"
            ],
            "authors": [
                {
                    "name": "Josh Sherman",
                    "email": "hello@joshtronic.com",
                    "homepage": "https://joshtronic.com"
                }
            ],
            "description": "Lorem ipsum generator in PHP without dependencies",
            "homepage": "https://github.com/joshtronic/php-loremipsum",
            "keywords": [
                "generator",
                "ipsum",
                "lorem"
            ],
            "time": "2020-01-10T03:49:13+00:00"
        },
        {
            "name": "roderik/pwgen-php",
            "version": "dev-master",
            "source": {
                "type": "git",
                "url": "https://github.com/roderik/pwgen-php.git",
                "reference": "b9d829d3a85f72d6f0ce11d56b1df9ccdffcf356"
            },
            "dist": {
                "type": "zip",
                "url": "https://api.github.com/repos/roderik/pwgen-php/zipball/b9d829d3a85f72d6f0ce11d56b1df9ccdffcf356",
                "reference": "b9d829d3a85f72d6f0ce11d56b1df9ccdffcf356",
                "shasum": ""
            },
            "require": {
                "php": ">=5.3.3"
            },
            "require-dev": {
                "phpunit/phpunit": "^4.8 || ^5.7 || ^6.5"
            },
            "type": "library",
            "autoload": {
                "psr-4": {
                    "PWGen\\": "src/"
                }
            },
            "notification-url": "https://packagist.org/downloads/",
            "license": [
                "GPL"
            ],
            "authors": [
                {
                    "name": "Theodore Ts'o",
                    "email": "tytso@alum.mit.edu"
                },
                {
                    "name": "Superwayne",
                    "email": "superwayne@superwayne.org"
                }
            ],
            "description": "pwgen-php is a simple PHP class which aims to clone the GNU pwgen functionality.",
            "keywords": [
                "generator",
                "password"
            ],
            "time": "2018-07-14T05:08:09+00:00"
        }
    ],
    "packages-dev": [],
    "aliases": [],
    "minimum-stability": "stable",
    "stability-flags": {
        "joshtronic/php-loremipsum": 20,
        "roderik/pwgen-php": 20,
        "heidilabs/markov-php": 20
    },
    "prefer-stable": false,
    "prefer-lowest": false,
    "platform": [],
    "platform-dev": []
}
